
Microsoft Visual Studio Solution File, Format Version 12.00
# Visual Studio Version 17
VisualStudioVersion = 17.10.35122.118
MinimumVisualStudioVersion = 10.0.40219.1
Project("{9A19103F-16F7-4668-BE54-9A1E7A4F7556}") = "IsoMetrix", "IsoMetrix\IsoMetrix.csproj", "{61E77F82-FFD2-4B60-9609-D5C773FBE727}"
EndProject
Project("{FAE04EC0-301F-11D3-BF4B-00C04F79EFBC}") = "IsoMetrix.BL", "IsoMetrix.BL\IsoMetrix.BL.csproj", "{9A9FEFA5-5019-4A32-810E-6D9B73EF42B5}"
EndProject
Project("{FAE04EC0-301F-11D3-BF4B-00C04F79EFBC}") = "IsoMetrix.Tests", "IsoMetrix.Tests\IsoMetrix.Tests.csproj", "{52E51982-BDAF-4171-8B36-DD03F93C7185}"
EndProject
Global
	GlobalSection(SolutionConfigurationPlatforms) = preSolution
		Debug|Any CPU = Debug|Any CPU
		Release|Any CPU = Release|Any CPU
	EndGlobalSection
	GlobalSection(ProjectConfigurationPlatforms) = postSolution
		{61E77F82-FFD2-4B60-9609-D5C773FBE727}.Debug|Any CPU.ActiveCfg = Debug|Any CPU
		{61E77F82-FFD2-4B60-9609-D5C773FBE727}.Debug|Any CPU.Build.0 = Debug|Any CPU
		{61E77F82-FFD2-4B60-9609-D5C773FBE727}.Release|Any CPU.ActiveCfg = Release|Any CPU
		{61E77F82-FFD2-4B60-9609-D5C773FBE727}.Release|Any CPU.Build.0 = Release|Any CPU
		{9A9FEFA5-5019-4A32-810E-6D9B73EF42B5}.Debug|Any CPU.ActiveCfg = Debug|Any CPU
		{9A9FEFA5-5019-4A32-810E-6D9B73EF42B5}.Debug|Any CPU.Build.0 = Debug|Any CPU
		{9A9FEFA5-5019-4A32-810E-6D9B73EF42B5}.Release|Any CPU.ActiveCfg = Release|Any CPU
		{9A9FEFA5-5019-4A32-810E-6D9B73EF42B5}.Release|Any CPU.Build.0 = Release|Any CPU
		{52E51982-BDAF-4171-8B36-DD03F93C7185}.Debug|Any CPU.ActiveCfg = Debug|Any CPU
		{52E51982-BDAF-4171-8B36-DD03F93C7185}.Debug|Any CPU.Build.0 = Debug|Any CPU
		{52E51982-BDAF-4171-8B36-DD03F93C7185}.Release|Any CPU.ActiveCfg = Release|Any CPU
		{52E51982-BDAF-4171-8B36-DD03F93C7185}.Release|Any CPU.Build.0 = Release|Any CPU
	EndGlobalSection
	GlobalSection(SolutionProperties) = preSolution
		HideSolutionNode = FALSE
	EndGlobalSection
	GlobalSection(ExtensibilityGlobals) = postSolution
		SolutionGuid = {753C5EFF-42DA-45ED-BBC3-B76DC3A77B81}
	EndGlobalSection
EndGlobal
